PATH
  remote: .
  specs:
    Lerobot-Dataset-Ruby (1.0.0)
      parquet (>= 0.1)

GEM
  remote: https://rubygems.org/
  specs:
    bigdecimal (3.1.3)
    minitest (5.16.3)
    parquet (0.9.0-aarch64-linux)
      bigdecimal
    rake (13.0.6)

PLATFORMS
  aarch64-linux

DEPENDENCIES
  Lerobot-Dataset-Ruby!
  minitest (~> 5.0)
  rake (~> 13.0)

CHECKSUMS
  Lerobot-Dataset-Ruby (1.0.0)
  bigdecimal (3.1.3)
  bundler (4.0.21) sha256=7cbf5499b426076aa16c8d28a59e4c2c3aad5a438402abcd961f0119f29f1dd0
  minitest (5.16.3)
  parquet (0.9.0-aarch64-linux)
  rake (13.0.6)

BUNDLED WITH
  4.0.21
